
Microsoft Visual Studio Solution File, Format Version 12.00
# Visual Studio Version 16
VisualStudioVersion = 16.0.29021.104
MinimumVisualStudioVersion = 10.0.40219.1
Project("{FAE04EC0-301F-11D3-BF4B-00C04F79EFBC}") = "CitiesApp", "CitiesApp\CitiesApp.csproj", "{CF72E443-47D8-4A9B-AFCA-4C14C6B94CB9}"
EndProject
Global
	GlobalSection(SolutionConfigurationPlatforms) = preSolution
		Debug|Any CPU = Debug|Any CPU
		Release|Any CPU = Release|Any CPU
	EndGlobalSection
	GlobalSection(ProjectConfigurationPlatforms) = postSolution
		{CF72E443-47D8-4A9B-AFCA-4C14C6B94CB9}.Debug|Any CPU.ActiveCfg = Debug|Any CPU
		{CF72E443-47D8-4A9B-AFCA-4C14C6B94CB9}.Debug|Any CPU.Build.0 = Debug|Any CPU
		{CF72E443-47D8-4A9B-AFCA-4C14C6B94CB9}.Release|Any CPU.ActiveCfg = Release|Any CPU
		{CF72E443-47D8-4A9B-AFCA-4C14C6B94CB9}.Release|Any CPU.Build.0 = Release|Any CPU
	EndGlobalSection
	GlobalSection(SolutionProperties) = preSolution
		HideSolutionNode = FALSE
	EndGlobalSection
	GlobalSection(ExtensibilityGlobals) = postSolution
		SolutionGuid = {7C14B50F-B8E0-47B3-B63D-1EC67243BAC0}
	EndGlobalSection
EndGlobal
